// !$*UTF8*$!
{
	archiveVersion = 1;
	classes = {
	};
	objectVersion = 50;
	objects = {

/* Begin PBXBuildFile section */
		CDBF453A24BD784B00D921C5 /* AppDelegate.swift in Sources */ = {isa = PBXBuildFile; fileRef = CDBF453924BD784B00D921C5 /* AppDelegate.swift */; };
		CDBF453C24BD784B00D921C5 /* SceneDelegate.swift in Sources */ = {isa = PBXBuildFile; fileRef = CDBF453B24BD784B00D921C5 /* SceneDelegate.swift */; };
		CDBF453E24BD784B00D921C5 /* ContentView.swift in Sources */ = {isa = PBXBuildFile; fileRef = CDBF453D24BD784B00D921C5 /* ContentView.swift */; };
		CDBF454024BD784C00D921C5 /* Assets.xcassets in Resources */ = {isa = PBXBuildFile; fileRef = CDBF453F24BD784C00D921C5 /* Assets.xcassets */; };
		CDBF454324BD784D00D921C5 /* Preview Assets.xcassets in Resources */ = {isa = PBXBuildFile; fileRef = CDBF454224BD784D00D921C5 /* Preview Assets.xcassets */; };
		CDBF454624BD784D00D921C5 /* LaunchScreen.storyboard in Resources */ = {isa = PBXBuildFile; fileRef = CDBF454424BD784D00D921C5 /* LaunchScreen.storyboard */; };
/* End PBXBuildFile section */

/* Begin PBXFileReference section */
		CDBF453624BD784B00D921C5 /* ClassicLearnOrQuizz.app */ = {isa = PBXFileReference; explicitFileType = wrapper.application; includeInIndex = 0; path = ClassicLearnOrQuizz.app; sourceTree = BUILT_PRODUCTS_DIR; };
		CDBF453924BD784B00D921C5 /* AppDelegate.swift */ = {isa = PBXFileReference; lastKnownFileType = sourcecode.swift; path = AppDelegate.swift; sourceTree = "<group>"; };
		CDBF453B24BD784B00D921C5 /* SceneDelegate.swift */ = {isa = PBXFileReference; lastKnownFileType = sourcecode.swift; path = SceneDelegate.swift; sourceTree = "<group>"; };
		CDBF453D24BD784B00D921C5 /* ContentView.swift */ = {isa = PBXFileReference; lastKnownFileType = sourcecode.swift; path = ContentView.swift; sourceTree = "<group>"; };
		CDBF453F24BD784C00D921C5 /* Assets.xcassets */ = {isa = PBXFileReference; lastKnownFileType = folder.assetcatalog; path = Assets.xcassets; sourceTree = "<group>"; };
		CDBF454224BD784D00D921C5 /* Preview Assets.xcassets */ = {isa = PBXFileReference; lastKnownFileType = folder.assetcatalog; path = "Preview Assets.xcassets"; sourceTree = "<group>"; };
		CDBF454524BD784D00D921C5 /* Base */ = {isa = PBXFileReference; lastKnownFileType = file.storyboard; name = Base; path = Base.lproj/LaunchScreen.storyboard; sourceTree = "<group>"; };
		CDBF454724BD784D00D921C5 /* Info.plist */ = {isa = PBXFileReference; lastKnownFileType = text.plist.xml; path = Info.plist; sourceTree = "<group>"; };
/* End PBXFileReference section */

/* Begin PBXFrameworksBuildPhase section */
		CDBF453324BD784B00D921C5 /* Frameworks */ = {
			isa = PBXFrameworksBuildPhase;
			buildActionMask = 2147483647;
			files = (
			);
			runOnlyForDeploymentPostprocessing = 0;
		};
/* End PBXFrameworksBuildPhase section */

/* Begin PBXGroup section */
		CDBF452D24BD784B00D921C5 = {
			isa = PBXGroup;
			children = (
				CDBF453824BD784B00D921C5 /* ClassicLearnOrQuizz */,
				CDBF453724BD784B00D921C5 /* Products */,
			);
			sourceTree = "<group>";
		};
		CDBF453724BD784B00D921C5 /* Products */ = {
			isa = PBXGroup;
			children = (
				CDBF453624BD784B00D921C5 /* ClassicLearnOrQuizz.app */,
			);
			name = Products;
			sourceTree = "<group>";
		};
		CDBF453824BD784B00D921C5 /* ClassicLearnOrQuizz */ = {
			isa = PBXGroup;
			children = (
				CDBF453924BD784B00D921C5 /* AppDelegate.swift */,
				CDBF453B24BD784B00D921C5 /* SceneDelegate.swift */,
				CDBF453D24BD784B00D921C5 /* ContentView.swift */,
				CDBF453F24BD784C00D921C5 /* Assets.xcassets */,
				CDBF454424BD784D00D921C5 /* LaunchScreen.storyboard */,
				CDBF454724BD784D00D921C5 /* Info.plist */,
				CDBF454124BD784D00D921C5 /* Preview Content */,
			);
			path = ClassicLearnOrQuizz;
			sourceTree = "<group>";
		};
		CDBF454124BD784D00D921C5 /* Preview Content */ = {
			isa = PBXGroup;
			children = (
				CDBF454224BD784D00D921C5 /* Preview Assets.xcassets */,
			);
			path = "Preview Content";
			sourceTree = "<group>";
		};
/* End PBXGroup section */

/* Begin PBXNativeTarget section */
		CDBF453524BD784B00D921C5 /* ClassicLearnOrQuizz */ = {
			isa = PBXNativeTarget;
			buildConfigurationList = CDBF454A24BD784D00D921C5 /* Build configuration list for PBXNativeTarget "ClassicLearnOrQuizz" */;
			buildPhases = (
				CDBF453224BD784B00D921C5 /* Sources */,
				CDBF453324BD784B00D921C5 /* Frameworks */,
				CDBF453424BD784B00D921C5 /* Resources */,
			);
			buildRules = (
			);
			dependencies = (
			);
			name = ClassicLearnOrQuizz;
			productName = ClassicLearnOrQuizz;
			productReference = CDBF453624BD784B00D921C5 /* ClassicLearnOrQuizz.app */;
			productType = "com.apple.product-type.application";
		};
/* End PBXNativeTarget section */

/* Begin PBXProject section */
		CDBF452E24BD784B00D921C5 /* Project object */ = {
			isa = PBXProject;
			attributes = {
				LastSwiftUpdateCheck = 1150;
				LastUpgradeCheck = 1150;
				ORGANIZATIONNAME = stgpcs;
				TargetAttributes = {
					CDBF453524BD784B00D921C5 = {
						CreatedOnToolsVersion = 11.5;
					};
				};
			};
			buildConfigurationList = CDBF453124BD784B00D921C5 /* Build configuration list for PBXProject "ClassicLearnOrQuizz" */;
			compatibilityVersion = "Xcode 9.3";
			developmentRegion = en;
			hasScannedForEncodings = 0;
			knownRegions = (
				en,
				Base,
			);
			mainGroup = CDBF452D24BD784B00D921C5;
			productRefGroup = CDBF453724BD784B00D921C5 /* Products */;
			projectDirPath = "";
			projectRoot = "";
			targets = (
				CDBF453524BD784B00D921C5 /* ClassicLearnOrQuizz */,
			);
		};
/* End PBXProject section */

/* Begin PBXResourcesBuildPhase section */
		CDBF453424BD784B00D921C5 /* Resources */ = {
			isa = PBXResourcesBuildPhase;
			buildActionMask = 2147483647;
			files = (
				CDBF454624BD784D00D921C5 /* LaunchScreen.storyboard in Resources */,
				CDBF454324BD784D00D921C5 /* Preview Assets.xcassets in Resources */,
				CDBF454024BD784C00D921C5 /* Assets.xcassets in Resources */,
			);
			runOnlyForDeploymentPostprocessing = 0;
		};
/* End PBXResourcesBuildPhase section */

/* Begin PBXSourcesBuildPhase section */
		CDBF453224BD784B00D921C5 /* Sources */ = {
			isa = PBXSourcesBuildPhase;
			buildActionMask = 2147483647;
			files = (
				CDBF453A24BD784B00D921C5 /* AppDelegate.swift in Sources */,
				CDBF453C24BD784B00D921C5 /* SceneDelegate.swift in Sources */,
				CDBF453E24BD784B00D921C5 /* ContentView.swift in Sources */,
			);
			runOnlyForDeploymentPostprocessing = 0;
		};
/* End PBXSourcesBuildPhase section */

/* Begin PBXVariantGroup section */
		CDBF454424BD784D00D921C5 /* LaunchScreen.storyboard */ = {
			isa = PBXVariantGroup;
			children = (
				CDBF454524BD784D00D921C5 /* Base */,
			);
			name = LaunchScreen.storyboard;
			sourceTree = "<group>";
		};
/* End PBXVariantGroup section */

/* Begin XCBuildConfiguration section */
		CDBF454824BD784D00D921C5 /* Debug */ = {
			isa = XCBuildConfiguration;
			buildSettings = {
				ALWAYS_SEARCH_USER_PATHS = NO;
				CLANG_ANALYZER_NONNULL = YES;
				CLANG_ANALYZER_NUMBER_OBJECT_CONVERSION = YES_AGGRESSIVE;
				CLANG_CXX_LANGUAGE_STANDARD = "gnu++14";
				CLANG_CXX_LIBRARY = "libc++";
				CLANG_ENABLE_MODULES = YES;
				CLANG_ENABLE_OBJC_ARC = YES;
				CLANG_ENABLE_OBJC_WEAK = YES;
				CLANG_WARN_BLOCK_CAPTURE_AUTORELEASING = YES;
				CLANG_WARN_BOOL_CONVERSION = YES;
				CLANG_WARN_COMMA = YES;
				CLANG_WARN_CONSTANT_CONVERSION = YES;
				CLANG_WARN_DEPRECATED_OBJC_IMPLEMENTATIONS = YES;
				CLANG_WARN_DIRECT_OBJC_ISA_USAGE = YES_ERROR;
				CLANG_WARN_DOCUMENTATION_COMMENTS = YES;
				CLANG_WARN_EMPTY_BODY = YES;
				CLANG_WARN_ENUM_CONVERSION = YES;
				CLANG_WARN_INFINITE_RECURSION = YES;
				CLANG_WARN_INT_CONVERSION = YES;
				CLANG_WARN_NON_LITERAL_NULL_CONVERSION = YES;
				CLANG_WARN_OBJC_IMPLICIT_RETAIN_SELF = YES;
				CLANG_WARN_OBJC_LITERAL_CONVERSION = YES;
				CLANG_WARN_OBJC_ROOT_CLASS = YES_ERROR;
				CLANG_WARN_RANGE_LOOP_ANALYSIS = YES;
				CLANG_WARN_STRICT_PROTOTYPES = YES;
				CLANG_WARN_SUSPICIOUS_MOVE = YES;
				CLANG_WARN_UNGUARDED_AVAILABILITY = YES_AGGRESSIVE;
				CLANG_WARN_UNREACHABLE_CODE = YES;
				CLANG_WARN__DUPLICATE_METHOD_MATCH = YES;
				COPY_PHASE_STRIP = NO;
				DEBUG_INFORMATION_FORMAT = dwarf;
				ENABLE_STRICT_OBJC_MSGSEND = YES;
				ENABLE_TESTABILITY = YES;
				GCC_C_LANGUAGE_STANDARD = gnu11;
				GCC_DYNAMIC_NO_PIC = NO;
				GCC_NO_COMMON_BLOCKS = YES;
				GCC_OPTIMIZATION_LEVEL = 0;
				GCC_PREPROCESSOR_DEFINITIONS = (
					"DEBUG=1",
					"$(inherited)",
				);
				GCC_WARN_64_TO_32_BIT_CONVERSION = YES;
				GCC_WARN_ABOUT_RETURN_TYPE = YES_ERROR;
				GCC_WARN_UNDECLARED_SELECTOR = YES;
				GCC_WARN_UNINITIALIZED_AUTOS = YES_AGGRESSIVE;
				GCC_WARN_UNUSED_FUNCTION = YES;
				GCC_WARN_UNUSED_VARIABLE = YES;
				IPHONEOS_DEPLOYMENT_TARGET = 13.5;
				MTL_ENABLE_DEBUG_INFO = INCLUDE_SOURCE;
				MTL_FAST_MATH = YES;
				ONLY_ACTIVE_ARCH = YES;
				SDKROOT = iphoneos;
				SWIFT_ACTIVE_COMPILATION_CONDITIONS = DEBUG;
				SWIFT_OPTIMIZATION_LEVEL = "-Onone";
			};
			name = Debug;
		};
		CDBF454924BD784D00D921C5 /* Release */ = {
			isa = XCBuildConfiguration;
			buildSettings = {
				ALWAYS_SEARCH_USER_PATHS = NO;
				CLANG_ANALYZER_NONNULL = YES;
				CLANG_ANALYZER_NUMBER_OBJECT_CONVERSION = YES_AGGRESSIVE;
				CLANG_CXX_LANGUAGE_STANDARD = "gnu++14";
				CLANG_CXX_LIBRARY = "libc++";
				CLANG_ENABLE_MODULES = YES;
				CLANG_ENABLE_OBJC_ARC = YES;
				CLANG_ENABLE_OBJC_WEAK = YES;
				CLANG_WARN_BLOCK_CAPTURE_AUTORELEASING = YES;
				CLANG_WARN_BOOL_CONVERSION = YES;
				CLANG_WARN_COMMA = YES;
				CLANG_WARN_CONSTANT_CONVERSION = YES;
				CLANG_WARN_DEPRECATED_OBJC_IMPLEMENTATIONS = YES;
				CLANG_WARN_DIRECT_OBJC_ISA_USAGE = YES_ERROR;
				CLANG_WARN_DOCUMENTATION_COMMENTS = YES;
				CLANG_WARN_EMPTY_BODY = YES;
				CLANG_WARN_ENUM_CONVERSION = YES;
				CLANG_WARN_INFINITE_RECURSION = YES;
				CLANG_WARN_INT_CONVERSION = YES;
				CLANG_WARN_NON_LITERAL_NULL_CONVERSION = YES;
				CLANG_WARN_OBJC_IMPLICIT_RETAIN_SELF = YES;
				CLANG_WARN_OBJC_LITERAL_CONVERSION = YES;
				CLANG_WARN_OBJC_ROOT_CLASS = YES_ERROR;
				CLANG_WARN_RANGE_LOOP_ANALYSIS = YES;
				CLANG_WARN_STRICT_PROTOTYPES = YES;
				CLANG_WARN_SUSPICIOUS_MOVE = YES;
				CLANG_WARN_UNGUARDED_AVAILABILITY = YES_AGGRESSIVE;
				CLANG_WARN_UNREACHABLE_CODE = YES;
				CLANG_WARN__DUPLICATE_METHOD_MATCH = YES;
				COPY_PHASE_STRIP = NO;
				DEBUG_INFORMATION_FORMAT = "dwarf-with-dsym";
				ENABLE_NS_ASSERTIONS = NO;
				ENABLE_STRICT_OBJC_MSGSEND = YES;
				GCC_C_LANGUAGE_STANDARD = gnu11;
				GCC_NO_COMMON_BLOCKS = YES;
				GCC_WARN_64_TO_32_BIT_CONVERSION = YES;
				GCC_WARN_ABOUT_RETURN_TYPE = YES_ERROR;
				GCC_WARN_UNDECLARED_SELECTOR = YES;
				GCC_WARN_UNINITIALIZED_AUTOS = YES_AGGRESSIVE;
				GCC_WARN_UNUSED_FUNCTION = YES;
				GCC_WARN_UNUSED_VARIABLE = YES;
				IPHONEOS_DEPLOYMENT_TARGET = 13.5;
				MTL_ENABLE_DEBUG_INFO = NO;
				MTL_FAST_MATH = YES;
				SDKROOT = iphoneos;
				SWIFT_COMPILATION_MODE = wholemodule;
				SWIFT_OPTIMIZATION_LEVEL = "-O";
				VALIDATE_PRODUCT = YES;
			};
			name = Release;
		};
		CDBF454B24BD784D00D921C5 /* Debug */ = {
			isa = XCBuildConfiguration;
			buildSettings = {
				ASSETCATALOG_COMPILER_APPICON_NAME = AppIcon;
				CODE_SIGN_STYLE = Automatic;
				DEVELOPMENT_ASSET_PATHS = "\"ClassicLearnOrQuizz/Preview Content\"";
				DEVELOPMENT_TEAM = T5BAAGBQWR;
				ENABLE_PREVIEWS = YES;
				INFOPLIST_FILE = ClassicLearnOrQuizz/Info.plist;
				LD_RUNPATH_SEARCH_PATHS = (
					"$(inherited)",
					"@executable_path/Frameworks",
				);
				PRODUCT_BUNDLE_IDENTIFIER = com.test.ClassicLearnOrQuizz;
				PRODUCT_NAME = "$(TARGET_NAME)";
				SWIFT_VERSION = 5.0;
				TARGETED_DEVICE_FAMILY = "1,2";
			};
			name = Debug;
		};
		CDBF454C24BD784D00D921C5 /* Release */ = {
			isa = XCBuildConfiguration;
			buildSettings = {
				ASSETCATALOG_COMPILER_APPICON_NAME = AppIcon;
				CODE_SIGN_STYLE = Automatic;
				DEVELOPMENT_ASSET_PATHS = "\"ClassicLearnOrQuizz/Preview Content\"";
				DEVELOPMENT_TEAM = T5BAAGBQWR;
				ENABLE_PREVIEWS = YES;
				INFOPLIST_FILE = ClassicLearnOrQuizz/Info.plist;
				LD_RUNPATH_SEARCH_PATHS = (
					"$(inherited)",
					"@executable_path/Frameworks",
				);
				PRODUCT_BUNDLE_IDENTIFIER = com.test.ClassicLearnOrQuizz;
				PRODUCT_NAME = "$(TARGET_NAME)";
				SWIFT_VERSION = 5.0;
				TARGETED_DEVICE_FAMILY = "1,2";
			};
			name = Release;
		};
/* End XCBuildConfiguration section */

/* Begin XCConfigurationList section */
		CDBF453124BD784B00D921C5 /* Build configuration list for PBXProject "ClassicLearnOrQuizz" */ = {
			isa = XCConfigurationList;
			buildConfigurations = (
				CDBF454824BD784D00D921C5 /* Debug */,
				CDBF454924BD784D00D921C5 /* Release */,
			);
			defaultConfigurationIsVisible = 0;
			defaultConfigurationName = Release;
		};
		CDBF454A24BD784D00D921C5 /* Build configuration list for PBXNativeTarget "ClassicLearnOrQuizz" */ = {
			isa = XCConfigurationList;
			buildConfigurations = (
				CDBF454B24BD784D00D921C5 /* Debug */,
				CDBF454C24BD784D00D921C5 /* Release */,
			);
			defaultConfigurationIsVisible = 0;
			defaultConfigurationName = Release;
		};
/* End XCConfigurationList section */
	};
	rootObject = CDBF452E24BD784B00D921C5 /* Project object */;
}
